
Microsoft Visual Studio Solution File, Format Version 12.00
# Visual Studio Version 16
VisualStudioVersion = 16.0.30611.23
MinimumVisualStudioVersion = 10.0.40219.1
Project("{FAE04EC0-301F-11D3-BF4B-00C04F79EFBC}") = "Actividad_1_1.UWP", "Actividad_1_1.UWP\Actividad_1_1.UWP.csproj", "{9E5740C5-C2AE-464B-BE6D-DF89332EE1DD}"
EndProject
Project("{FAE04EC0-301F-11D3-BF4B-00C04F79EFBC}") = "Actividad_1_1.Android", "Actividad_1_1.Android\Actividad_1_1.Android.csproj", "{77592C86-42B6-490A-8209-20096E45DD7A}"
EndProject
Project("{FAE04EC0-301F-11D3-BF4B-00C04F79EFBC}") = "Actividad_1_1", "Actividad_1_1\Actividad_1_1.csproj", "{C97A9FEC-D22C-48F4-9BE5-4E2E15CBEBB8}"
EndProject
Global
	GlobalSection(SolutionConfigurationPlatforms) = preSolution
		Debug|Any CPU = Debug|Any CPU
		Debug|ARM = Debug|ARM
		Debug|x64 = Debug|x64
		Debug|x86 = Debug|x86
		Release|Any CPU = Release|Any CPU
		Release|ARM = Release|ARM
		Release|x64 = Release|x64
		Release|x86 = Release|x86
	EndGlobalSection
	GlobalSection(ProjectConfigurationPlatforms) = postSolution
		{9E5740C5-C2AE-464B-BE6D-DF89332EE1DD}.Debug|Any CPU.ActiveCfg = Debug|x86
		{9E5740C5-C2AE-464B-BE6D-DF89332EE1DD}.Debug|Any CPU.Build.0 = Debug|x86
		{9E5740C5-C2AE-464B-BE6D-DF89332EE1DD}.Debug|Any CPU.Deploy.0 = Debug|x86
		{9E5740C5-C2AE-464B-BE6D-DF89332EE1DD}.Debug|ARM.ActiveCfg = Debug|ARM
		{9E5740C5-C2AE-464B-BE6D-DF89332EE1DD}.Debug|ARM.Build.0 = Debug|ARM
		{9E5740C5-C2AE-464B-BE6D-DF89332EE1DD}.Debug|ARM.Deploy.0 = Debug|ARM
		{9E5740C5-C2AE-464B-BE6D-DF89332EE1DD}.Debug|x64.ActiveCfg = Debug|x64
		{9E5740C5-C2AE-464B-BE6D-DF89332EE1DD}.Debug|x64.Build.0 = Debug|x64
		{9E5740C5-C2AE-464B-BE6D-DF89332EE1DD}.Debug|x64.Deploy.0 = Debug|x64
		{9E5740C5-C2AE-464B-BE6D-DF89332EE1DD}.Debug|x86.ActiveCfg = Debug|x86
		{9E5740C5-C2AE-464B-BE6D-DF89332EE1DD}.Debug|x86.Build.0 = Debug|x86
		{9E5740C5-C2AE-464B-BE6D-DF89332EE1DD}.Debug|x86.Deploy.0 = Debug|x86
		{9E5740C5-C2AE-464B-BE6D-DF89332EE1DD}.Release|Any CPU.ActiveCfg = Release|x86
		{9E5740C5-C2AE-464B-BE6D-DF89332EE1DD}.Release|Any CPU.Build.0 = Release|x86
		{9E5740C5-C2AE-464B-BE6D-DF89332EE1DD}.Release|Any CPU.Deploy.0 = Release|x86
		{9E5740C5-C2AE-464B-BE6D-DF89332EE1DD}.Release|ARM.ActiveCfg = Release|ARM
		{9E5740C5-C2AE-464B-BE6D-DF89332EE1DD}.Release|ARM.Build.0 = Release|ARM
		{9E5740C5-C2AE-464B-BE6D-DF89332EE1DD}.Release|ARM.Deploy.0 = Release|ARM
		{9E5740C5-C2AE-464B-BE6D-DF89332EE1DD}.Release|x64.ActiveCfg = Release|x64
		{9E5740C5-C2AE-464B-BE6D-DF89332EE1DD}.Release|x64.Build.0 = Release|x64
		{9E5740C5-C2AE-464B-BE6D-DF89332EE1DD}.Release|x64.Deploy.0 = Release|x64
		{9E5740C5-C2AE-464B-BE6D-DF89332EE1DD}.Release|x86.ActiveCfg = Release|x86
		{9E5740C5-C2AE-464B-BE6D-DF89332EE1DD}.Release|x86.Build.0 = Release|x86
		{9E5740C5-C2AE-464B-BE6D-DF89332EE1DD}.Release|x86.Deploy.0 = Release|x86
		{77592C86-42B6-490A-8209-20096E45DD7A}.Debug|Any CPU.ActiveCfg = Debug|Any CPU
		{77592C86-42B6-490A-8209-20096E45DD7A}.Debug|Any CPU.Build.0 = Debug|Any CPU
		{77592C86-42B6-490A-8209-20096E45DD7A}.Debug|Any CPU.Deploy.0 = Debug|Any CPU
		{77592C86-42B6-490A-8209-20096E45DD7A}.Debug|ARM.ActiveCfg = Debug|Any CPU
		{77592C86-42B6-490A-8209-20096E45DD7A}.Debug|ARM.Build.0 = Debug|Any CPU
		{77592C86-42B6-490A-8209-20096E45DD7A}.Debug|ARM.Deploy.0 = Debug|Any CPU
		{77592C86-42B6-490A-8209-20096E45DD7A}.Debug|x64.ActiveCfg = Debug|Any CPU
		{77592C86-42B6-490A-8209-20096E45DD7A}.Debug|x64.Build.0 = Debug|Any CPU
		{77592C86-42B6-490A-8209-20096E45DD7A}.Debug|x64.Deploy.0 = Debug|Any CPU
		{77592C86-42B6-490A-8209-20096E45DD7A}.Debug|x86.ActiveCfg = Debug|Any CPU
		{77592C86-42B6-490A-8209-20096E45DD7A}.Debug|x86.Build.0 = Debug|Any CPU
		{77592C86-42B6-490A-8209-20096E45DD7A}.Debug|x86.Deploy.0 = Debug|Any CPU
		{77592C86-42B6-490A-8209-20096E45DD7A}.Release|Any CPU.ActiveCfg = Release|Any CPU
		{77592C86-42B6-490A-8209-20096E45DD7A}.Release|Any CPU.Build.0 = Release|Any CPU
		{77592C86-42B6-490A-8209-20096E45DD7A}.Release|Any CPU.Deploy.0 = Release|Any CPU
		{77592C86-42B6-490A-8209-20096E45DD7A}.Release|ARM.ActiveCfg = Release|Any CPU
		{77592C86-42B6-490A-8209-20096E45DD7A}.Release|ARM.Build.0 = Release|Any CPU
		{77592C86-42B6-490A-8209-20096E45DD7A}.Release|ARM.Deploy.0 = Release|Any CPU
		{77592C86-42B6-490A-8209-20096E45DD7A}.Release|x64.ActiveCfg = Release|Any CPU
		{77592C86-42B6-490A-8209-20096E45DD7A}.Release|x64.Build.0 = Release|Any CPU
		{77592C86-42B6-490A-8209-20096E45DD7A}.Release|x64.Deploy.0 = Release|Any CPU
		{77592C86-42B6-490A-8209-20096E45DD7A}.Release|x86.ActiveCfg = Release|Any CPU
		{77592C86-42B6-490A-8209-20096E45DD7A}.Release|x86.Build.0 = Release|Any CPU
		{77592C86-42B6-490A-8209-20096E45DD7A}.Release|x86.Deploy.0 = Release|Any CPU
		{C97A9FEC-D22C-48F4-9BE5-4E2E15CBEBB8}.Debug|Any CPU.ActiveCfg = Debug|Any CPU
		{C97A9FEC-D22C-48F4-9BE5-4E2E15CBEBB8}.Debug|Any CPU.Build.0 = Debug|Any CPU
		{C97A9FEC-D22C-48F4-9BE5-4E2E15CBEBB8}.Debug|Any CPU.Deploy.0 = Debug|Any CPU
		{C97A9FEC-D22C-48F4-9BE5-4E2E15CBEBB8}.Debug|ARM.ActiveCfg = Debug|Any CPU
		{C97A9FEC-D22C-48F4-9BE5-4E2E15CBEBB8}.Debug|ARM.Build.0 = Debug|Any CPU
		{C97A9FEC-D22C-48F4-9BE5-4E2E15CBEBB8}.Debug|ARM.Deploy.0 = Debug|Any CPU
		{C97A9FEC-D22C-48F4-9BE5-4E2E15CBEBB8}.Debug|x64.ActiveCfg = Debug|Any CPU
		{C97A9FEC-D22C-48F4-9BE5-4E2E15CBEBB8}.Debug|x64.Build.0 = Debug|Any CPU
		{C97A9FEC-D22C-48F4-9BE5-4E2E15CBEBB8}.Debug|x64.Deploy.0 = Debug|Any CPU
		{C97A9FEC-D22C-48F4-9BE5-4E2E15CBEBB8}.Debug|x86.ActiveCfg = Debug|Any CPU
		{C97A9FEC-D22C-48F4-9BE5-4E2E15CBEBB8}.Debug|x86.Build.0 = Debug|Any CPU
		{C97A9FEC-D22C-48F4-9BE5-4E2E15CBEBB8}.Debug|x86.Deploy.0 = Debug|Any CPU
		{C97A9FEC-D22C-48F4-9BE5-4E2E15CBEBB8}.Release|Any CPU.ActiveCfg = Release|Any CPU
		{C97A9FEC-D22C-48F4-9BE5-4E2E15CBEBB8}.Release|Any CPU.Build.0 = Release|Any CPU
		{C97A9FEC-D22C-48F4-9BE5-4E2E15CBEBB8}.Release|Any CPU.Deploy.0 = Release|Any CPU
		{C97A9FEC-D22C-48F4-9BE5-4E2E15CBEBB8}.Release|ARM.ActiveCfg = Release|Any CPU
		{C97A9FEC-D22C-48F4-9BE5-4E2E15CBEBB8}.Release|ARM.Build.0 = Release|Any CPU
		{C97A9FEC-D22C-48F4-9BE5-4E2E15CBEBB8}.Release|ARM.Deploy.0 = Release|Any CPU
		{C97A9FEC-D22C-48F4-9BE5-4E2E15CBEBB8}.Release|x64.ActiveCfg = Release|Any CPU
		{C97A9FEC-D22C-48F4-9BE5-4E2E15CBEBB8}.Release|x64.Build.0 = Release|Any CPU
		{C97A9FEC-D22C-48F4-9BE5-4E2E15CBEBB8}.Release|x64.Deploy.0 = Release|Any CPU
		{C97A9FEC-D22C-48F4-9BE5-4E2E15CBEBB8}.Release|x86.ActiveCfg = Release|Any CPU
		{C97A9FEC-D22C-48F4-9BE5-4E2E15CBEBB8}.Release|x86.Build.0 = Release|Any CPU
		{C97A9FEC-D22C-48F4-9BE5-4E2E15CBEBB8}.Release|x86.Deploy.0 = Release|Any CPU
	EndGlobalSection
	GlobalSection(SolutionProperties) = preSolution
		HideSolutionNode = FALSE
	EndGlobalSection
	GlobalSection(ExtensibilityGlobals) = postSolution
		SolutionGuid = {CB923EBC-0BBC-49DF-B6C4-CCC57C29A74E}
	EndGlobalSection
EndGlobal
